
Microsoft Visual Studio Solution File, Format Version 12.00
# Visual Studio Version 17
VisualStudioVersion = 17.13.35919.96 d17.13
MinimumVisualStudioVersion = 10.0.40219.1
Project("{FAE04EC0-301F-11D3-BF4B-00C04F79EFBC}") = "Commandos", "Commandos.csproj", "{EAB453D2-496F-4F66-8233-66A68A0F2282}"
EndProject
Global
	GlobalSection(SolutionConfigurationPlatforms) = preSolution
		Debug|Any CPU = Debug|Any CPU
		Release|Any CPU = Release|Any CPU
	EndGlobalSection
	GlobalSection(ProjectConfigurationPlatforms) = postSolution
		{EAB453D2-496F-4F66-8233-66A68A0F2282}.Debug|Any CPU.ActiveCfg = Debug|Any CPU
		{EAB453D2-496F-4F66-8233-66A68A0F2282}.Debug|Any CPU.Build.0 = Debug|Any CPU
		{EAB453D2-496F-4F66-8233-66A68A0F2282}.Release|Any CPU.ActiveCfg = Release|Any CPU
		{EAB453D2-496F-4F66-8233-66A68A0F2282}.Release|Any CPU.Build.0 = Release|Any CPU
	EndGlobalSection
	GlobalSection(SolutionProperties) = preSolution
		HideSolutionNode = FALSE
	EndGlobalSection
	GlobalSection(ExtensibilityGlobals) = postSolution
		SolutionGuid = {74D49211-6533-4B61-8DFC-A6683B5B03E4}
	EndGlobalSection
EndGlobal
